
Microsoft Visual Studio Solution File, Format Version 12.00
# Visual Studio 15
Project("{FAE04EC0-301F-11D3-BF4B-00C04F79EFBC}") = "Assembly-CSharp", "Assembly-CSharp.csproj", "{0D9E5B8C-44CE-74E5-DBF6-DD34A4FB8A1C}"
EndProject
Project("{FAE04EC0-301F-11D3-BF4B-00C04F79EFBC}") = "Assembly-CSharp-Editor", "Assembly-CSharp-Editor.csproj", "{0F9F2E78-AD6A-F2CA-4709-13E4E440A341}"
EndProject
Project("{2150E333-8FDC-42A3-9474-1A3956D46DE8}") = "Solution Items", "Solution Items", "{C5E9FAE0-36C8-4BB4-86B9-DD7930627288}"
	ProjectSection(SolutionItems) = preProject
		.editorconfig = .editorconfig
	EndProjectSection
EndProject
Global
	GlobalSection(SolutionConfigurationPlatforms) = preSolution
		Debug|Any CPU = Debug|Any CPU
		Release|Any CPU = Release|Any CPU
	EndGlobalSection
	GlobalSection(ProjectConfigurationPlatforms) = postSolution
		{0D9E5B8C-44CE-74E5-DBF6-DD34A4FB8A1C}.Debug|Any CPU.ActiveCfg = Debug|Any CPU
		{0D9E5B8C-44CE-74E5-DBF6-DD34A4FB8A1C}.Debug|Any CPU.Build.0 = Debug|Any CPU
		{0D9E5B8C-44CE-74E5-DBF6-DD34A4FB8A1C}.Release|Any CPU.ActiveCfg = Release|Any CPU
		{0D9E5B8C-44CE-74E5-DBF6-DD34A4FB8A1C}.Release|Any CPU.Build.0 = Release|Any CPU
		{0F9F2E78-AD6A-F2CA-4709-13E4E440A341}.Debug|Any CPU.ActiveCfg = Debug|Any CPU
		{0F9F2E78-AD6A-F2CA-4709-13E4E440A341}.Debug|Any CPU.Build.0 = Debug|Any CPU
		{0F9F2E78-AD6A-F2CA-4709-13E4E440A341}.Release|Any CPU.ActiveCfg = Release|Any CPU
		{0F9F2E78-AD6A-F2CA-4709-13E4E440A341}.Release|Any CPU.Build.0 = Release|Any CPU
	EndGlobalSection
	GlobalSection(SolutionProperties) = preSolution
		HideSolutionNode = FALSE
	EndGlobalSection
EndGlobal
